// !$*UTF8*$!
{
	archiveVersion = 1;
	classes = {
	};
	objectVersion = 50;
	objects = {

/* Begin PBXBuildFile section */
		6D3289932299DC1B007A0BF8 /* AppDelegate.swift in Sources */ = {isa = PBXBuildFile; fileRef = 6D3289922299DC1B007A0BF8 /* AppDelegate.swift */; };
		6D3289982299DC1B007A0BF8 /* Main.storyboard in Resources */ = {isa = PBXBuildFile; fileRef = 6D3289962299DC1B007A0BF8 /* Main.storyboard */; };
		6D32899A2299DC1D007A0BF8 /* Assets.xcassets in Resources */ = {isa = PBXBuildFile; fileRef = 6D3289992299DC1D007A0BF8 /* Assets.xcassets */; };
		6D32899D2299DC1D007A0BF8 /* LaunchScreen.storyboard in Resources */ = {isa = PBXBuildFile; fileRef = 6D32899B2299DC1D007A0BF8 /* LaunchScreen.storyboard */; };
		6D3289A62299DCB8007A0BF8 /* Savoye LET.ttc in Resources */ = {isa = PBXBuildFile; fileRef = 6D3289A42299DCB8007A0BF8 /* Savoye LET.ttc */; };
		6D3289A72299DCB8007A0BF8 /* quotes.json in Resources */ = {isa = PBXBuildFile; fileRef = 6D3289A52299DCB8007A0BF8 /* quotes.json */; };
		6D3289AA2299E60F007A0BF8 /* QuotesViewController.swift in Sources */ = {isa = PBXBuildFile; fileRef = 6D3289A92299E60F007A0BF8 /* QuotesViewController.swift */; };
		6D3289AC2299E62D007A0BF8 /* SettingsViewController.swift in Sources */ = {isa = PBXBuildFile; fileRef = 6D3289AB2299E62D007A0BF8 /* SettingsViewController.swift */; };
		6D3289B02299E863007A0BF8 /* Quote.swift in Sources */ = {isa = PBXBuildFile; fileRef = 6D3289AF2299E863007A0BF8 /* Quote.swift */; };
		6D3289B32299E895007A0BF8 /* QuotesManager.swift in Sources */ = {isa = PBXBuildFile; fileRef = 6D3289B22299E895007A0BF8 /* QuotesManager.swift */; };
		6D3289B52299E8B1007A0BF8 /* Configuration.swift in Sources */ = {isa = PBXBuildFile; fileRef = 6D3289B42299E8B1007A0BF8 /* Configuration.swift */; };
		6DC906F0229E0B69002D0B00 /* Settings.bundle in Resources */ = {isa = PBXBuildFile; fileRef = 6DC906EF229E0B69002D0B00 /* Settings.bundle */; };
/* End PBXBuildFile section */

/* Begin PBXFileReference section */
		6D32898F2299DC1B007A0BF8 /* Pensamentos.app */ = {isa = PBXFileReference; explicitFileType = wrapper.application; includeInIndex = 0; path = Pensamentos.app; sourceTree = BUILT_PRODUCTS_DIR; };
		6D3289922299DC1B007A0BF8 /* AppDelegate.swift */ = {isa = PBXFileReference; lastKnownFileType = sourcecode.swift; path = AppDelegate.swift; sourceTree = "<group>"; };
		6D3289972299DC1B007A0BF8 /* Base */ = {isa = PBXFileReference; lastKnownFileType = file.storyboard; name = Base; path = Base.lproj/Main.storyboard; sourceTree = "<group>"; };
		6D3289992299DC1D007A0BF8 /* Assets.xcassets */ = {isa = PBXFileReference; lastKnownFileType = folder.assetcatalog; path = Assets.xcassets; sourceTree = "<group>"; };
		6D32899C2299DC1D007A0BF8 /* Base */ = {isa = PBXFileReference; lastKnownFileType = file.storyboard; name = Base; path = Base.lproj/LaunchScreen.storyboard; sourceTree = "<group>"; };
		6D32899E2299DC1D007A0BF8 /* Info.plist */ = {isa = PBXFileReference; lastKnownFileType = text.plist.xml; path = Info.plist; sourceTree = "<group>"; };
		6D3289A42299DCB8007A0BF8 /* Savoye LET.ttc */ = {isa = PBXFileReference; lastKnownFileType = file; path = "Savoye LET.ttc"; sourceTree = "<group>"; };
		6D3289A52299DCB8007A0BF8 /* quotes.json */ = {isa = PBXFileReference; fileEncoding = 4; lastKnownFileType = text.json; path = quotes.json; sourceTree = "<group>"; };
		6D3289A92299E60F007A0BF8 /* QuotesViewController.swift */ = {isa = PBXFileReference; lastKnownFileType = sourcecode.swift; path = QuotesViewController.swift; sourceTree = "<group>"; };
		6D3289AB2299E62D007A0BF8 /* SettingsViewController.swift */ = {isa = PBXFileReference; lastKnownFileType = sourcecode.swift; path = SettingsViewController.swift; sourceTree = "<group>"; };
		6D3289AF2299E863007A0BF8 /* Quote.swift */ = {isa = PBXFileReference; lastKnownFileType = sourcecode.swift; path = Quote.swift; sourceTree = "<group>"; };
		6D3289B22299E895007A0BF8 /* QuotesManager.swift */ = {isa = PBXFileReference; lastKnownFileType = sourcecode.swift; path = QuotesManager.swift; sourceTree = "<group>"; };
		6D3289B42299E8B1007A0BF8 /* Configuration.swift */ = {isa = PBXFileReference; lastKnownFileType = sourcecode.swift; path = Configuration.swift; sourceTree = "<group>"; };
		6DC906EF229E0B69002D0B00 /* Settings.bundle */ = {isa = PBXFileReference; lastKnownFileType = "wrapper.plug-in"; name = Settings.bundle; path = Pensamentos/Settings.bundle; sourceTree = SOURCE_ROOT; };
/* End PBXFileReference section */

/* Begin PBXFrameworksBuildPhase section */
		6D32898C2299DC1B007A0BF8 /* Frameworks */ = {
			isa = PBXFrameworksBuildPhase;
			buildActionMask = 2147483647;
			files = (
			);
			runOnlyForDeploymentPostprocessing = 0;
		};
/* End PBXFrameworksBuildPhase section */

/* Begin PBXGroup section */
		6D3289862299DC1B007A0BF8 = {
			isa = PBXGroup;
			children = (
				6D3289912299DC1B007A0BF8 /* Pensamentos */,
				6D3289902299DC1B007A0BF8 /* Products */,
			);
			sourceTree = "<group>";
		};
		6D3289902299DC1B007A0BF8 /* Products */ = {
			isa = PBXGroup;
			children = (
				6D32898F2299DC1B007A0BF8 /* Pensamentos.app */,
			);
			name = Products;
			sourceTree = "<group>";
		};
		6D3289912299DC1B007A0BF8 /* Pensamentos */ = {
			isa = PBXGroup;
			children = (
				6D3289922299DC1B007A0BF8 /* AppDelegate.swift */,
				6D3289A82299DCBF007A0BF8 /* Files */,
				6D3289B12299E880007A0BF8 /* Models */,
				6D3289AE2299E653007A0BF8 /* Views */,
				6D3289AD2299E63E007A0BF8 /* Controllers */,
				6DC906EF229E0B69002D0B00 /* Settings.bundle */,
				6D3289992299DC1D007A0BF8 /* Assets.xcassets */,
				6D32899E2299DC1D007A0BF8 /* Info.plist */,
			);
			path = Pensamentos;
			sourceTree = "<group>";
		};
		6D3289A82299DCBF007A0BF8 /* Files */ = {
			isa = PBXGroup;
			children = (
				6D3289A52299DCB8007A0BF8 /* quotes.json */,
				6D3289A42299DCB8007A0BF8 /* Savoye LET.ttc */,
			);
			path = Files;
			sourceTree = "<group>";
		};
		6D3289AD2299E63E007A0BF8 /* Controllers */ = {
			isa = PBXGroup;
			children = (
				6D3289A92299E60F007A0BF8 /* QuotesViewController.swift */,
				6D3289AB2299E62D007A0BF8 /* SettingsViewController.swift */,
			);
			path = Controllers;
			sourceTree = "<group>";
		};
		6D3289AE2299E653007A0BF8 /* Views */ = {
			isa = PBXGroup;
			children = (
				6D3289962299DC1B007A0BF8 /* Main.storyboard */,
				6D32899B2299DC1D007A0BF8 /* LaunchScreen.storyboard */,
			);
			path = Views;
			sourceTree = "<group>";
		};
		6D3289B12299E880007A0BF8 /* Models */ = {
			isa = PBXGroup;
			children = (
				6D3289AF2299E863007A0BF8 /* Quote.swift */,
				6D3289B22299E895007A0BF8 /* QuotesManager.swift */,
				6D3289B42299E8B1007A0BF8 /* Configuration.swift */,
			);
			path = Models;
			sourceTree = "<group>";
		};
/* End PBXGroup section */

/* Begin PBXNativeTarget section */
		6D32898E2299DC1B007A0BF8 /* Pensamentos */ = {
			isa = PBXNativeTarget;
			buildConfigurationList = 6D3289A12299DC1D007A0BF8 /* Build configuration list for PBXNativeTarget "Pensamentos" */;
			buildPhases = (
				6D32898B2299DC1B007A0BF8 /* Sources */,
				6D32898C2299DC1B007A0BF8 /* Frameworks */,
				6D32898D2299DC1B007A0BF8 /* Resources */,
			);
			buildRules = (
			);
			dependencies = (
			);
			name = Pensamentos;
			productName = Pensamentos;
			productReference = 6D32898F2299DC1B007A0BF8 /* Pensamentos.app */;
			productType = "com.apple.product-type.application";
		};
/* End PBXNativeTarget section */

/* Begin PBXProject section */
		6D3289872299DC1B007A0BF8 /* Project object */ = {
			isa = PBXProject;
			attributes = {
				LastSwiftUpdateCheck = 1010;
				LastUpgradeCheck = 1010;
				ORGANIZATIONNAME = "Kyrllan Nogueira";
				TargetAttributes = {
					6D32898E2299DC1B007A0BF8 = {
						CreatedOnToolsVersion = 10.1;
					};
				};
			};
			buildConfigurationList = 6D32898A2299DC1B007A0BF8 /* Build configuration list for PBXProject "Pensamentos" */;
			compatibilityVersion = "Xcode 9.3";
			developmentRegion = en;
			hasScannedForEncodings = 0;
			knownRegions = (
				en,
				Base,
			);
			mainGroup = 6D3289862299DC1B007A0BF8;
			productRefGroup = 6D3289902299DC1B007A0BF8 /* Products */;
			projectDirPath = "";
			projectRoot = "";
			targets = (
				6D32898E2299DC1B007A0BF8 /* Pensamentos */,
			);
		};
/* End PBXProject section */

/* Begin PBXResourcesBuildPhase section */
		6D32898D2299DC1B007A0BF8 /* Resources */ = {
			isa = PBXResourcesBuildPhase;
			buildActionMask = 2147483647;
			files = (
				6D32899D2299DC1D007A0BF8 /* LaunchScreen.storyboard in Resources */,
				6D3289A72299DCB8007A0BF8 /* quotes.json in Resources */,
				6D32899A2299DC1D007A0BF8 /* Assets.xcassets in Resources */,
				6D3289982299DC1B007A0BF8 /* Main.storyboard in Resources */,
				6DC906F0229E0B69002D0B00 /* Settings.bundle in Resources */,
				6D3289A62299DCB8007A0BF8 /* Savoye LET.ttc in Resources */,
			);
			runOnlyForDeploymentPostprocessing = 0;
		};
/* End PBXResourcesBuildPhase section */

/* Begin PBXSourcesBuildPhase section */
		6D32898B2299DC1B007A0BF8 /* Sources */ = {
			isa = PBXSourcesBuildPhase;
			buildActionMask = 2147483647;
			files = (
				6D3289B52299E8B1007A0BF8 /* Configuration.swift in Sources */,
				6D3289B32299E895007A0BF8 /* QuotesManager.swift in Sources */,
				6D3289B02299E863007A0BF8 /* Quote.swift in Sources */,
				6D3289AA2299E60F007A0BF8 /* QuotesViewController.swift in Sources */,
				6D3289932299DC1B007A0BF8 /* AppDelegate.swift in Sources */,
				6D3289AC2299E62D007A0BF8 /* SettingsViewController.swift in Sources */,
			);
			runOnlyForDeploymentPostprocessing = 0;
		};
/* End PBXSourcesBuildPhase section */

/* Begin PBXVariantGroup section */
		6D3289962299DC1B007A0BF8 /* Main.storyboard */ = {
			isa = PBXVariantGroup;
			children = (
				6D3289972299DC1B007A0BF8 /* Base */,
			);
			name = Main.storyboard;
			sourceTree = "<group>";
		};
		6D32899B2299DC1D007A0BF8 /* LaunchScreen.storyboard */ = {
			isa = PBXVariantGroup;
			children = (
				6D32899C2299DC1D007A0BF8 /* Base */,
			);
			name = LaunchScreen.storyboard;
			sourceTree = "<group>";
		};
/* End PBXVariantGroup section */

/* Begin XCBuildConfiguration section */
		6D32899F2299DC1D007A0BF8 /* Debug */ = {
			isa = XCBuildConfiguration;
			buildSettings = {
				ALWAYS_SEARCH_USER_PATHS = NO;
				CLANG_ANALYZER_NONNULL = YES;
				CLANG_ANALYZER_NUMBER_OBJECT_CONVERSION = YES_AGGRESSIVE;
				CLANG_CXX_LANGUAGE_STANDARD = "gnu++14";
				CLANG_CXX_LIBRARY = "libc++";
				CLANG_ENABLE_MODULES = YES;
				CLANG_ENABLE_OBJC_ARC = YES;
				CLANG_ENABLE_OBJC_WEAK = YES;
				CLANG_WARN_BLOCK_CAPTURE_AUTORELEASING = YES;
				CLANG_WARN_BOOL_CONVERSION = YES;
				CLANG_WARN_COMMA = YES;
				CLANG_WARN_CONSTANT_CONVERSION = YES;
				CLANG_WARN_DEPRECATED_OBJC_IMPLEMENTATIONS = YES;
				CLANG_WARN_DIRECT_OBJC_ISA_USAGE = YES_ERROR;
				CLANG_WARN_DOCUMENTATION_COMMENTS = YES;
				CLANG_WARN_EMPTY_BODY = YES;
				CLANG_WARN_ENUM_CONVERSION = YES;
				CLANG_WARN_INFINITE_RECURSION = YES;
				CLANG_WARN_INT_CONVERSION = YES;
				CLANG_WARN_NON_LITERAL_NULL_CONVERSION = YES;
				CLANG_WARN_OBJC_IMPLICIT_RETAIN_SELF = YES;
				CLANG_WARN_OBJC_LITERAL_CONVERSION = YES;
				CLANG_WARN_OBJC_ROOT_CLASS = YES_ERROR;
				CLANG_WARN_RANGE_LOOP_ANALYSIS = YES;
				CLANG_WARN_STRICT_PROTOTYPES = YES;
				CLANG_WARN_SUSPICIOUS_MOVE = YES;
				CLANG_WARN_UNGUARDED_AVAILABILITY = YES_AGGRESSIVE;
				CLANG_WARN_UNREACHABLE_CODE = YES;
				CLANG_WARN__DUPLICATE_METHOD_MATCH = YES;
				CODE_SIGN_IDENTITY = "iPhone Developer";
				COPY_PHASE_STRIP = NO;
				DEBUG_INFORMATION_FORMAT = dwarf;
				ENABLE_STRICT_OBJC_MSGSEND = YES;
				ENABLE_TESTABILITY = YES;
				GCC_C_LANGUAGE_STANDARD = gnu11;
				GCC_DYNAMIC_NO_PIC = NO;
				GCC_NO_COMMON_BLOCKS = YES;
				GCC_OPTIMIZATION_LEVEL = 0;
				GCC_PREPROCESSOR_DEFINITIONS = (
					"DEBUG=1",
					"$(inherited)",
				);
				GCC_WARN_64_TO_32_BIT_CONVERSION = YES;
				GCC_WARN_ABOUT_RETURN_TYPE = YES_ERROR;
				GCC_WARN_UNDECLARED_SELECTOR = YES;
				GCC_WARN_UNINITIALIZED_AUTOS = YES_AGGRESSIVE;
				GCC_WARN_UNUSED_FUNCTION = YES;
				GCC_WARN_UNUSED_VARIABLE = YES;
				IPHONEOS_DEPLOYMENT_TARGET = 12.1;
				MTL_ENABLE_DEBUG_INFO = INCLUDE_SOURCE;
				MTL_FAST_MATH = YES;
				ONLY_ACTIVE_ARCH = YES;
				SDKROOT = iphoneos;
				SWIFT_ACTIVE_COMPILATION_CONDITIONS = DEBUG;
				SWIFT_OPTIMIZATION_LEVEL = "-Onone";
			};
			name = Debug;
		};
		6D3289A02299DC1D007A0BF8 /* Release */ = {
			isa = XCBuildConfiguration;
			buildSettings = {
				ALWAYS_SEARCH_USER_PATHS = NO;
				CLANG_ANALYZER_NONNULL = YES;
				CLANG_ANALYZER_NUMBER_OBJECT_CONVERSION = YES_AGGRESSIVE;
				CLANG_CXX_LANGUAGE_STANDARD = "gnu++14";
				CLANG_CXX_LIBRARY = "libc++";
				CLANG_ENABLE_MODULES = YES;
				CLANG_ENABLE_OBJC_ARC = YES;
				CLANG_ENABLE_OBJC_WEAK = YES;
				CLANG_WARN_BLOCK_CAPTURE_AUTORELEASING = YES;
				CLANG_WARN_BOOL_CONVERSION = YES;
				CLANG_WARN_COMMA = YES;
				CLANG_WARN_CONSTANT_CONVERSION = YES;
				CLANG_WARN_DEPRECATED_OBJC_IMPLEMENTATIONS = YES;
				CLANG_WARN_DIRECT_OBJC_ISA_USAGE = YES_ERROR;
				CLANG_WARN_DOCUMENTATION_COMMENTS = YES;
				CLANG_WARN_EMPTY_BODY = YES;
				CLANG_WARN_ENUM_CONVERSION = YES;
				CLANG_WARN_INFINITE_RECURSION = YES;
				CLANG_WARN_INT_CONVERSION = YES;
				CLANG_WARN_NON_LITERAL_NULL_CONVERSION = YES;
				CLANG_WARN_OBJC_IMPLICIT_RETAIN_SELF = YES;
				CLANG_WARN_OBJC_LITERAL_CONVERSION = YES;
				CLANG_WARN_OBJC_ROOT_CLASS = YES_ERROR;
				CLANG_WARN_RANGE_LOOP_ANALYSIS = YES;
				CLANG_WARN_STRICT_PROTOTYPES = YES;
				CLANG_WARN_SUSPICIOUS_MOVE = YES;
				CLANG_WARN_UNGUARDED_AVAILABILITY = YES_AGGRESSIVE;
				CLANG_WARN_UNREACHABLE_CODE = YES;
				CLANG_WARN__DUPLICATE_METHOD_MATCH = YES;
				CODE_SIGN_IDENTITY = "iPhone Developer";
				COPY_PHASE_STRIP = NO;
				DEBUG_INFORMATION_FORMAT = "dwarf-with-dsym";
				ENABLE_NS_ASSERTIONS = NO;
				ENABLE_STRICT_OBJC_MSGSEND = YES;
				GCC_C_LANGUAGE_STANDARD = gnu11;
				GCC_NO_COMMON_BLOCKS = YES;
				GCC_WARN_64_TO_32_BIT_CONVERSION = YES;
				GCC_WARN_ABOUT_RETURN_TYPE = YES_ERROR;
				GCC_WARN_UNDECLARED_SELECTOR = YES;
				GCC_WARN_UNINITIALIZED_AUTOS = YES_AGGRESSIVE;
				GCC_WARN_UNUSED_FUNCTION = YES;
				GCC_WARN_UNUSED_VARIABLE = YES;
				IPHONEOS_DEPLOYMENT_TARGET = 12.1;
				MTL_ENABLE_DEBUG_INFO = NO;
				MTL_FAST_MATH = YES;
				SDKROOT = iphoneos;
				SWIFT_COMPILATION_MODE = wholemodule;
				SWIFT_OPTIMIZATION_LEVEL = "-O";
				VALIDATE_PRODUCT = YES;
			};
			name = Release;
		};
		6D3289A22299DC1D007A0BF8 /* Debug */ = {
			isa = XCBuildConfiguration;
			buildSettings = {
				ASSETCATALOG_COMPILER_APPICON_NAME = AppIcon;
				CODE_SIGN_STYLE = Automatic;
				DEVELOPMENT_TEAM = SDNXN7YB6U;
				INFOPLIST_FILE = Pensamentos/Info.plist;
				LD_RUNPATH_SEARCH_PATHS = (
					"$(inherited)",
					"@executable_path/Frameworks",
				);
				PRODUCT_BUNDLE_IDENTIFIER = com.kyrllan.Pensamentos;
				PRODUCT_NAME = "$(TARGET_NAME)";
				SWIFT_VERSION = 4.2;
				TARGETED_DEVICE_FAMILY = 1;
			};
			name = Debug;
		};
		6D3289A32299DC1D007A0BF8 /* Release */ = {
			isa = XCBuildConfiguration;
			buildSettings = {
				ASSETCATALOG_COMPILER_APPICON_NAME = AppIcon;
				CODE_SIGN_STYLE = Automatic;
				DEVELOPMENT_TEAM = SDNXN7YB6U;
				INFOPLIST_FILE = Pensamentos/Info.plist;
				LD_RUNPATH_SEARCH_PATHS = (
					"$(inherited)",
					"@executable_path/Frameworks",
				);
				PRODUCT_BUNDLE_IDENTIFIER = com.kyrllan.Pensamentos;
				PRODUCT_NAME = "$(TARGET_NAME)";
				SWIFT_VERSION = 4.2;
				TARGETED_DEVICE_FAMILY = 1;
			};
			name = Release;
		};
/* End XCBuildConfiguration section */

/* Begin XCConfigurationList section */
		6D32898A2299DC1B007A0BF8 /* Build configuration list for PBXProject "Pensamentos" */ = {
			isa = XCConfigurationList;
			buildConfigurations = (
				6D32899F2299DC1D007A0BF8 /* Debug */,
				6D3289A02299DC1D007A0BF8 /* Release */,
			);
			defaultConfigurationIsVisible = 0;
			defaultConfigurationName = Release;
		};
		6D3289A12299DC1D007A0BF8 /* Build configuration list for PBXNativeTarget "Pensamentos" */ = {
			isa = XCConfigurationList;
			buildConfigurations = (
				6D3289A22299DC1D007A0BF8 /* Debug */,
				6D3289A32299DC1D007A0BF8 /* Release */,
			);
			defaultConfigurationIsVisible = 0;
			defaultConfigurationName = Release;
		};
/* End XCConfigurationList section */
	};
	rootObject = 6D3289872299DC1B007A0BF8 /* Project object */;
}
